// !$*UTF8*$!
{
	archiveVersion = 1;
	classes = {
	};
	objectVersion = 46;
	objects = {

/* Begin PBXBuildFile section */
		637658B81AE7204300F274D0 /* AppDelegate.swift in Sources */ = {isa = PBXBuildFile; fileRef = 637658B71AE7204300F274D0 /* AppDelegate.swift */; };
		637658BA1AE7204300F274D0 /* ViewController.swift in Sources */ = {isa = PBXBuildFile; fileRef = 637658B91AE7204300F274D0 /* ViewController.swift */; };
		637658BD1AE7204300F274D0 /* Main.storyboard in Resources */ = {isa = PBXBuildFile; fileRef = 637658BB1AE7204300F274D0 /* Main.storyboard */; };
		637658BF1AE7204300F274D0 /* Images.xcassets in Resources */ = {isa = PBXBuildFile; fileRef = 637658BE1AE7204300F274D0 /* Images.xcassets */; };
		637658C21AE7204300F274D0 /* LaunchScreen.xib in Resources */ = {isa = PBXBuildFile; fileRef = 637658C01AE7204300F274D0 /* LaunchScreen.xib */; };
		637658CE1AE7204400F274D0 /* SliderGameTests.swift in Sources */ = {isa = PBXBuildFile; fileRef = 637658CD1AE7204400F274D0 /* SliderGameTests.swift */; };
/* End PBXBuildFile section */

/* Begin PBXContainerItemProxy section */
		637658C81AE7204400F274D0 /* PBXContainerItemProxy */ = {
			isa = PBXContainerItemProxy;
			containerPortal = 637658AA1AE7204300F274D0 /* Project object */;
			proxyType = 1;
			remoteGlobalIDString = 637658B11AE7204300F274D0;
			remoteInfo = SliderGame;
		};
/* End PBXContainerItemProxy section */

/* Begin PBXFileReference section */
		637658B21AE7204300F274D0 /* SliderGame.app */ = {isa = PBXFileReference; explicitFileType = wrapper.application; includeInIndex = 0; path = SliderGame.app; sourceTree = BUILT_PRODUCTS_DIR; };
		637658B61AE7204300F274D0 /* Info.plist */ = {isa = PBXFileReference; lastKnownFileType = text.plist.xml; path = Info.plist; sourceTree = "<group>"; };
		637658B71AE7204300F274D0 /* AppDelegate.swift */ = {isa = PBXFileReference; lastKnownFileType = sourcecode.swift; path = AppDelegate.swift; sourceTree = "<group>"; };
		637658B91AE7204300F274D0 /* ViewController.swift */ = {isa = PBXFileReference; lastKnownFileType = sourcecode.swift; path = ViewController.swift; sourceTree = "<group>"; };
		637658BC1AE7204300F274D0 /* Base */ = {isa = PBXFileReference; lastKnownFileType = file.storyboard; name = Base; path = Base.lproj/Main.storyboard; sourceTree = "<group>"; };
		637658BE1AE7204300F274D0 /* Images.xcassets */ = {isa = PBXFileReference; lastKnownFileType = folder.assetcatalog; path = Images.xcassets; sourceTree = "<group>"; };
		637658C11AE7204300F274D0 /* Base */ = {isa = PBXFileReference; lastKnownFileType = file.xib; name = Base; path = Base.lproj/LaunchScreen.xib; sourceTree = "<group>"; };
		637658C71AE7204400F274D0 /* SliderGameTests.xctest */ = {isa = PBXFileReference; explicitFileType = wrapper.cfbundle; includeInIndex = 0; path = SliderGameTests.xctest; sourceTree = BUILT_PRODUCTS_DIR; };
		637658CC1AE7204400F274D0 /* Info.plist */ = {isa = PBXFileReference; lastKnownFileType = text.plist.xml; path = Info.plist; sourceTree = "<group>"; };
		637658CD1AE7204400F274D0 /* SliderGameTests.swift */ = {isa = PBXFileReference; lastKnownFileType = sourcecode.swift; path = SliderGameTests.swift; sourceTree = "<group>"; };
/* End PBXFileReference section */

/* Begin PBXFrameworksBuildPhase section */
		637658AF1AE7204300F274D0 /* Frameworks */ = {
			isa = PBXFrameworksBuildPhase;
			buildActionMask = 2147483647;
			files = (
			);
			runOnlyForDeploymentPostprocessing = 0;
		};
		637658C41AE7204400F274D0 /* Frameworks */ = {
			isa = PBXFrameworksBuildPhase;
			buildActionMask = 2147483647;
			files = (
			);
			runOnlyForDeploymentPostprocessing = 0;
		};
/* End PBXFrameworksBuildPhase section */

/* Begin PBXGroup section */
		637658A91AE7204300F274D0 = {
			isa = PBXGroup;
			children = (
				637658B41AE7204300F274D0 /* SliderGame */,
				637658CA1AE7204400F274D0 /* SliderGameTests */,
				637658B31AE7204300F274D0 /* Products */,
			);
			sourceTree = "<group>";
		};
		637658B31AE7204300F274D0 /* Products */ = {
			isa = PBXGroup;
			children = (
				637658B21AE7204300F274D0 /* SliderGame.app */,
				637658C71AE7204400F274D0 /* SliderGameTests.xctest */,
			);
			name = Products;
			sourceTree = "<group>";
		};
		637658B41AE7204300F274D0 /* SliderGame */ = {
			isa = PBXGroup;
			children = (
				637658B71AE7204300F274D0 /* AppDelegate.swift */,
				637658B91AE7204300F274D0 /* ViewController.swift */,
				637658BB1AE7204300F274D0 /* Main.storyboard */,
				637658BE1AE7204300F274D0 /* Images.xcassets */,
				637658C01AE7204300F274D0 /* LaunchScreen.xib */,
				637658B51AE7204300F274D0 /* Supporting Files */,
			);
			path = SliderGame;
			sourceTree = "<group>";
		};
		637658B51AE7204300F274D0 /* Supporting Files */ = {
			isa = PBXGroup;
			children = (
				637658B61AE7204300F274D0 /* Info.plist */,
			);
			name = "Supporting Files";
			sourceTree = "<group>";
		};
		637658CA1AE7204400F274D0 /* SliderGameTests */ = {
			isa = PBXGroup;
			children = (
				637658CD1AE7204400F274D0 /* SliderGameTests.swift */,
				637658CB1AE7204400F274D0 /* Supporting Files */,
			);
			path = SliderGameTests;
			sourceTree = "<group>";
		};
		637658CB1AE7204400F274D0 /* Supporting Files */ = {
			isa = PBXGroup;
			children = (
				637658CC1AE7204400F274D0 /* Info.plist */,
			);
			name = "Supporting Files";
			sourceTree = "<group>";
		};
/* End PBXGroup section */

/* Begin PBXNativeTarget section */
		637658B11AE7204300F274D0 /* SliderGame */ = {
			isa = PBXNativeTarget;
			buildConfigurationList = 637658D11AE7204400F274D0 /* Build configuration list for PBXNativeTarget "SliderGame" */;
			buildPhases = (
				637658AE1AE7204300F274D0 /* Sources */,
				637658AF1AE7204300F274D0 /* Frameworks */,
				637658B01AE7204300F274D0 /* Resources */,
			);
			buildRules = (
			);
			dependencies = (
			);
			name = SliderGame;
			productName = SliderGame;
			productReference = 637658B21AE7204300F274D0 /* SliderGame.app */;
			productType = "com.apple.product-type.application";
		};
		637658C61AE7204400F274D0 /* SliderGameTests */ = {
			isa = PBXNativeTarget;
			buildConfigurationList = 637658D41AE7204400F274D0 /* Build configuration list for PBXNativeTarget "SliderGameTests" */;
			buildPhases = (
				637658C31AE7204400F274D0 /* Sources */,
				637658C41AE7204400F274D0 /* Frameworks */,
				637658C51AE7204400F274D0 /* Resources */,
			);
			buildRules = (
			);
			dependencies = (
				637658C91AE7204400F274D0 /* PBXTargetDependency */,
			);
			name = SliderGameTests;
			productName = SliderGameTests;
			productReference = 637658C71AE7204400F274D0 /* SliderGameTests.xctest */;
			productType = "com.apple.product-type.bundle.unit-test";
		};
/* End PBXNativeTarget section */

/* Begin PBXProject section */
		637658AA1AE7204300F274D0 /* Project object */ = {
			isa = PBXProject;
			attributes = {
				LastUpgradeCheck = 0610;
				ORGANIZATIONNAME = "Daya Reddy";
				TargetAttributes = {
					637658B11AE7204300F274D0 = {
						CreatedOnToolsVersion = 6.1.1;
					};
					637658C61AE7204400F274D0 = {
						CreatedOnToolsVersion = 6.1.1;
						TestTargetID = 637658B11AE7204300F274D0;
					};
				};
			};
			buildConfigurationList = 637658AD1AE7204300F274D0 /* Build configuration list for PBXProject "SliderGame" */;
			compatibilityVersion = "Xcode 3.2";
			developmentRegion = English;
			hasScannedForEncodings = 0;
			knownRegions = (
				en,
				Base,
			);
			mainGroup = 637658A91AE7204300F274D0;
			productRefGroup = 637658B31AE7204300F274D0 /* Products */;
			projectDirPath = "";
			projectRoot = "";
			targets = (
				637658B11AE7204300F274D0 /* SliderGame */,
				637658C61AE7204400F274D0 /* SliderGameTests */,
			);
		};
/* End PBXProject section */

/* Begin PBXResourcesBuildPhase section */
		637658B01AE7204300F274D0 /* Resources */ = {
			isa = PBXResourcesBuildPhase;
			buildActionMask = 2147483647;
			files = (
				637658BD1AE7204300F274D0 /* Main.storyboard in Resources */,
				637658C21AE7204300F274D0 /* LaunchScreen.xib in Resources */,
				637658BF1AE7204300F274D0 /* Images.xcassets in Resources */,
			);
			runOnlyForDeploymentPostprocessing = 0;
		};
		637658C51AE7204400F274D0 /* Resources */ = {
			isa = PBXResourcesBuildPhase;
			buildActionMask = 2147483647;
			files = (
			);
			runOnlyForDeploymentPostprocessing = 0;
		};
/* End PBXResourcesBuildPhase section */

/* Begin PBXSourcesBuildPhase section */
		637658AE1AE7204300F274D0 /* Sources */ = {
			isa = PBXSourcesBuildPhase;
			buildActionMask = 2147483647;
			files = (
				637658BA1AE7204300F274D0 /* ViewController.swift in Sources */,
				637658B81AE7204300F274D0 /* AppDelegate.swift in Sources */,
			);
			runOnlyForDeploymentPostprocessing = 0;
		};
		637658C31AE7204400F274D0 /* Sources */ = {
			isa = PBXSourcesBuildPhase;
			buildActionMask = 2147483647;
			files = (
				637658CE1AE7204400F274D0 /* SliderGameTests.swift in Sources */,
			);
			runOnlyForDeploymentPostprocessing = 0;
		};
/* End PBXSourcesBuildPhase section */

/* Begin PBXTargetDependency section */
		637658C91AE7204400F274D0 /* PBXTargetDependency */ = {
			isa = PBXTargetDependency;
			target = 637658B11AE7204300F274D0 /* SliderGame */;
			targetProxy = 637658C81AE7204400F274D0 /* PBXContainerItemProxy */;
		};
/* End PBXTargetDependency section */

/* Begin PBXVariantGroup section */
		637658BB1AE7204300F274D0 /* Main.storyboard */ = {
			isa = PBXVariantGroup;
			children = (
				637658BC1AE7204300F274D0 /* Base */,
			);
			name = Main.storyboard;
			sourceTree = "<group>";
		};
		637658C01AE7204300F274D0 /* LaunchScreen.xib */ = {
			isa = PBXVariantGroup;
			children = (
				637658C11AE7204300F274D0 /* Base */,
			);
			name = LaunchScreen.xib;
			sourceTree = "<group>";
		};
/* End PBXVariantGroup section */

/* Begin XCBuildConfiguration section */
		637658CF1AE7204400F274D0 /* Debug */ = {
			isa = XCBuildConfiguration;
			buildSettings = {
				ALWAYS_SEARCH_USER_PATHS = NO;
				CLANG_CXX_LANGUAGE_STANDARD = "gnu++0x";
				CLANG_CXX_LIBRARY = "libc++";
				CLANG_ENABLE_MODULES = YES;
				CLANG_ENABLE_OBJC_ARC = YES;
				CLANG_WARN_BOOL_CONVERSION = YES;
				CLANG_WARN_CONSTANT_CONVERSION = YES;
				CLANG_WARN_DIRECT_OBJC_ISA_USAGE = YES_ERROR;
				CLANG_WARN_EMPTY_BODY = YES;
				CLANG_WARN_ENUM_CONVERSION = YES;
				CLANG_WARN_INT_CONVERSION = YES;
				CLANG_WARN_OBJC_ROOT_CLASS = YES_ERROR;
				CLANG_WARN_UNREACHABLE_CODE = YES;
				CLANG_WARN__DUPLICATE_METHOD_MATCH = YES;
				"CODE_SIGN_IDENTITY[sdk=iphoneos*]" = "iPhone Developer";
				COPY_PHASE_STRIP = NO;
				ENABLE_STRICT_OBJC_MSGSEND = YES;
				GCC_C_LANGUAGE_STANDARD = gnu99;
				GCC_DYNAMIC_NO_PIC = NO;
				GCC_OPTIMIZATION_LEVEL = 0;
				GCC_PREPROCESSOR_DEFINITIONS = (
					"DEBUG=1",
					"$(inherited)",
				);
				GCC_SYMBOLS_PRIVATE_EXTERN = NO;
				GCC_WARN_64_TO_32_BIT_CONVERSION = YES;
				GCC_WARN_ABOUT_RETURN_TYPE = YES_ERROR;
				GCC_WARN_UNDECLARED_SELECTOR = YES;
				GCC_WARN_UNINITIALIZED_AUTOS = YES_AGGRESSIVE;
				GCC_WARN_UNUSED_FUNCTION = YES;
				GCC_WARN_UNUSED_VARIABLE = YES;
				IPHONEOS_DEPLOYMENT_TARGET = 8.1;
				MTL_ENABLE_DEBUG_INFO = YES;
				ONLY_ACTIVE_ARCH = YES;
				SDKROOT = iphoneos;
				SWIFT_OPTIMIZATION_LEVEL = "-Onone";
				TARGETED_DEVICE_FAMILY = "1,2";
			};
			name = Debug;
		};
		637658D01AE7204400F274D0 /* Release */ = {
			isa = XCBuildConfiguration;
			buildSettings = {
				ALWAYS_SEARCH_USER_PATHS = NO;
				CLANG_CXX_LANGUAGE_STANDARD = "gnu++0x";
				CLANG_CXX_LIBRARY = "libc++";
				CLANG_ENABLE_MODULES = YES;
				CLANG_ENABLE_OBJC_ARC = YES;
				CLANG_WARN_BOOL_CONVERSION = YES;
				CLANG_WARN_CONSTANT_CONVERSION = YES;
				CLANG_WARN_DIRECT_OBJC_ISA_USAGE = YES_ERROR;
				CLANG_WARN_EMPTY_BODY = YES;
				CLANG_WARN_ENUM_CONVERSION = YES;
				CLANG_WARN_INT_CONVERSION = YES;
				CLANG_WARN_OBJC_ROOT_CLASS = YES_ERROR;
				CLANG_WARN_UNREACHABLE_CODE = YES;
				CLANG_WARN__DUPLICATE_METHOD_MATCH = YES;
				"CODE_SIGN_IDENTITY[sdk=iphoneos*]" = "iPhone Developer";
				COPY_PHASE_STRIP = YES;
				ENABLE_NS_ASSERTIONS = NO;
				ENABLE_STRICT_OBJC_MSGSEND = YES;
				GCC_C_LANGUAGE_STANDARD = gnu99;
				GCC_WARN_64_TO_32_BIT_CONVERSION = YES;
				GCC_WARN_ABOUT_RETURN_TYPE = YES_ERROR;
				GCC_WARN_UNDECLARED_SELECTOR = YES;
				GCC_WARN_UNINITIALIZED_AUTOS = YES_AGGRESSIVE;
				GCC_WARN_UNUSED_FUNCTION = YES;
				GCC_WARN_UNUSED_VARIABLE = YES;
				IPHONEOS_DEPLOYMENT_TARGET = 8.1;
				MTL_ENABLE_DEBUG_INFO = NO;
				SDKROOT = iphoneos;
				TARGETED_DEVICE_FAMILY = "1,2";
				VALIDATE_PRODUCT = YES;
			};
			name = Release;
		};
		637658D21AE7204400F274D0 /* Debug */ = {
			isa = XCBuildConfiguration;
			buildSettings = {
				ASSETCATALOG_COMPILER_APPICON_NAME = AppIcon;
				INFOPLIST_FILE = SliderGame/Info.plist;
				LD_RUNPATH_SEARCH_PATHS = "$(inherited) @executable_path/Frameworks";
				PRODUCT_NAME = "$(TARGET_NAME)";
			};
			name = Debug;
		};
		637658D31AE7204400F274D0 /* Release */ = {
			isa = XCBuildConfiguration;
			buildSettings = {
				ASSETCATALOG_COMPILER_APPICON_NAME = AppIcon;
				INFOPLIST_FILE = SliderGame/Info.plist;
				LD_RUNPATH_SEARCH_PATHS = "$(inherited) @executable_path/Frameworks";
				PRODUCT_NAME = "$(TARGET_NAME)";
			};
			name = Release;
		};
		637658D51AE7204400F274D0 /* Debug */ = {
			isa = XCBuildConfiguration;
			buildSettings = {
				BUNDLE_LOADER = "$(TEST_HOST)";
				FRAMEWORK_SEARCH_PATHS = (
					"$(SDKROOT)/Developer/Library/Frameworks",
					"$(inherited)",
				);
				GCC_PREPROCESSOR_DEFINITIONS = (
					"DEBUG=1",
					"$(inherited)",
				);
				INFOPLIST_FILE = SliderGameTests/Info.plist;
				LD_RUNPATH_SEARCH_PATHS = "$(inherited) @executable_path/Frameworks @loader_path/Frameworks";
				PRODUCT_NAME = "$(TARGET_NAME)";
				TEST_HOST = "$(BUILT_PRODUCTS_DIR)/SliderGame.app/SliderGame";
			};
			name = Debug;
		};
		637658D61AE7204400F274D0 /* Release */ = {
			isa = XCBuildConfiguration;
			buildSettings = {
				BUNDLE_LOADER = "$(TEST_HOST)";
				FRAMEWORK_SEARCH_PATHS = (
					"$(SDKROOT)/Developer/Library/Frameworks",
					"$(inherited)",
				);
				INFOPLIST_FILE = SliderGameTests/Info.plist;
				LD_RUNPATH_SEARCH_PATHS = "$(inherited) @executable_path/Frameworks @loader_path/Frameworks";
				PRODUCT_NAME = "$(TARGET_NAME)";
				TEST_HOST = "$(BUILT_PRODUCTS_DIR)/SliderGame.app/SliderGame";
			};
			name = Release;
		};
/* End XCBuildConfiguration section */

/* Begin XCConfigurationList section */
		637658AD1AE7204300F274D0 /* Build configuration list for PBXProject "SliderGame" */ = {
			isa = XCConfigurationList;
			buildConfigurations = (
				637658CF1AE7204400F274D0 /* Debug */,
				637658D01AE7204400F274D0 /* Release */,
			);
			defaultConfigurationIsVisible = 0;
			defaultConfigurationName = Release;
		};
		637658D11AE7204400F274D0 /* Build configuration list for PBXNativeTarget "SliderGame" */ = {
			isa = XCConfigurationList;
			buildConfigurations = (
				637658D21AE7204400F274D0 /* Debug */,
				637658D31AE7204400F274D0 /* Release */,
			);
			defaultConfigurationIsVisible = 0;
		};
		637658D41AE7204400F274D0 /* Build configuration list for PBXNativeTarget "SliderGameTests" */ = {
			isa = XCConfigurationList;
			buildConfigurations = (
				637658D51AE7204400F274D0 /* Debug */,
				637658D61AE7204400F274D0 /* Release */,
			);
			defaultConfigurationIsVisible = 0;
		};
/* End XCConfigurationList section */
	};
	rootObject = 637658AA1AE7204300F274D0 /* Project object */;
}
